Microsoft Visual Studio Solution File, Format Version 12.00
# Visual Studio 2013
VisualStudioVersion = 12.0.21005.1
MinimumVisualStudioVersion = 10.0.40219.1
Project("{8BC9CEB8-8B4A-11D0-8D11-00A0C91BC942}") = "screenie", "client\screenie.vcxproj", "{C842F6FF-88EE-4F49-A446-74A504643F8F}"
EndProject
Project("{8BC9CEB8-8B4A-11D0-8D11-00A0C91BC942}") = "libcurl", "libcurl\libcurl.vcxproj", "{FFAD0F42-BA9C-4C42-ADFD-6ACF38B667F9}"
EndProject
Project("{8BC9CEB8-8B4A-11D0-8D11-00A0C91BC942}") = "sqlite", "sqlite\sqlite.vcxproj", "{B6D76B30-F4CC-4971-B9FB-CCF9D9775A33}"
EndProject
Project("{8BC9CEB8-8B4A-11D0-8D11-00A0C91BC942}") = "libgrumble", "libgrumble\libgrumble.vcxproj", "{1AE5F22A-5A31-4440-89B2-659C13228CF3}"
EndProject
Global
	GlobalSection(SolutionConfigurationPlatforms) = preSolution
		Debug|Win32 = Debug|Win32
		Release|Win32 = Release|Win32
	EndGlobalSection
	GlobalSection(ProjectConfigurationPlatforms) = postSolution
		{C842F6FF-88EE-4F49-A446-74A504643F8F}.Debug|Win32.ActiveCfg = Debug|Win32
		{C842F6FF-88EE-4F49-A446-74A504643F8F}.Debug|Win32.Build.0 = Debug|Win32
		{C842F6FF-88EE-4F49-A446-74A504643F8F}.Release|Win32.ActiveCfg = Release|Win32
		{C842F6FF-88EE-4F49-A446-74A504643F8F}.Release|Win32.Build.0 = Release|Win32
		{FFAD0F42-BA9C-4C42-ADFD-6ACF38B667F9}.Debug|Win32.ActiveCfg = Debug|Win32
		{FFAD0F42-BA9C-4C42-ADFD-6ACF38B667F9}.Debug|Win32.Build.0 = Debug|Win32
		{FFAD0F42-BA9C-4C42-ADFD-6ACF38B667F9}.Release|Win32.ActiveCfg = Release|Win32
		{FFAD0F42-BA9C-4C42-ADFD-6ACF38B667F9}.Release|Win32.Build.0 = Release|Win32
		{B6D76B30-F4CC-4971-B9FB-CCF9D9775A33}.Debug|Win32.ActiveCfg = Debug|Win32
		{B6D76B30-F4CC-4971-B9FB-CCF9D9775A33}.Debug|Win32.Build.0 = Debug|Win32
		{B6D76B30-F4CC-4971-B9FB-CCF9D9775A33}.Release|Win32.ActiveCfg = Release|Win32
		{B6D76B30-F4CC-4971-B9FB-CCF9D9775A33}.Release|Win32.Build.0 = Release|Win32
		{1AE5F22A-5A31-4440-89B2-659C13228CF3}.Debug|Win32.ActiveCfg = Debug|Win32
		{1AE5F22A-5A31-4440-89B2-659C13228CF3}.Debug|Win32.Build.0 = Debug|Win32
		{1AE5F22A-5A31-4440-89B2-659C13228CF3}.Release|Win32.ActiveCfg = Release|Win32
		{1AE5F22A-5A31-4440-89B2-659C13228CF3}.Release|Win32.Build.0 = Release|Win32
	EndGlobalSection
	GlobalSection(SolutionProperties) = preSolution
		HideSolutionNode = FALSE
	EndGlobalSection
EndGlobal
